
Microsoft Visual Studio Solution File, Format Version 12.00
# Visual Studio Version 16
VisualStudioVersion = 16.0.29324.140
MinimumVisualStudioVersion = 10.0.40219.1
Project("{8BC9CEB8-8B4A-11D0-8D11-00A0C91BC942}") = "Homework_1", "Homeworks\Homeworks.vcxproj", "{2A0787F1-9146-4034-A8B2-16E5C33279AF}"
EndProject
Project("{8BC9CEB8-8B4A-11D0-8D11-00A0C91BC942}") = "Homework_2", "Homework_2\Homework_2.vcxproj", "{95700C3F-7DFF-4610-96D2-1BED587B7169}"
EndProject
Project("{8BC9CEB8-8B4A-11D0-8D11-00A0C91BC942}") = "Homework_5", "Homework5\Homework5.vcxproj", "{A15B69D5-C412-4352-B2C3-E998ACE7CE56}"
EndProject
Project("{8BC9CEB8-8B4A-11D0-8D11-00A0C91BC942}") = "Homework_6", "Homework6\Homework6.vcxproj", "{8C2E2F87-769E-4444-B2A3-6711305155BF}"
EndProject
Project("{8BC9CEB8-8B4A-11D0-8D11-00A0C91BC942}") = "Homework_7", "Homework_7\Homework_7.vcxproj", "{1B8DE21F-3100-41C7-9557-33A1889E7489}"
EndProject
Project("{8BC9CEB8-8B4A-11D0-8D11-00A0C91BC942}") = "Homework_8", "Homework_8\Homework_8.vcxproj", "{664B2763-9F58-4139-A5F2-FE092D22F36A}"
EndProject
Project("{8BC9CEB8-8B4A-11D0-8D11-00A0C91BC942}") = "Homework_9", "Homework_9\Homework_9.vcxproj", "{EBAB2E2D-ED10-4E36-81DC-7BBA13DDB081}"
EndProject
Project("{8BC9CEB8-8B4A-11D0-8D11-00A0C91BC942}") = "Homework_13", "Homework_13\Homework_13.vcxproj", "{73023958-0F33-44D2-8F60-4B24F0C2E418}"
EndProject
Global
	GlobalSection(SolutionConfigurationPlatforms) = preSolution
		Debug|x64 = Debug|x64
		Debug|x86 = Debug|x86
		Release|x64 = Release|x64
		Release|x86 = Release|x86
	EndGlobalSection
	GlobalSection(ProjectConfigurationPlatforms) = postSolution
		{2A0787F1-9146-4034-A8B2-16E5C33279AF}.Debug|x64.ActiveCfg = Debug|x64
		{2A0787F1-9146-4034-A8B2-16E5C33279AF}.Debug|x64.Build.0 = Debug|x64
		{2A0787F1-9146-4034-A8B2-16E5C33279AF}.Debug|x86.ActiveCfg = Debug|Win32
		{2A0787F1-9146-4034-A8B2-16E5C33279AF}.Debug|x86.Build.0 = Debug|Win32
		{2A0787F1-9146-4034-A8B2-16E5C33279AF}.Release|x64.ActiveCfg = Release|x64
		{2A0787F1-9146-4034-A8B2-16E5C33279AF}.Release|x64.Build.0 = Release|x64
		{2A0787F1-9146-4034-A8B2-16E5C33279AF}.Release|x86.ActiveCfg = Release|Win32
		{2A0787F1-9146-4034-A8B2-16E5C33279AF}.Release|x86.Build.0 = Release|Win32
		{95700C3F-7DFF-4610-96D2-1BED587B7169}.Debug|x64.ActiveCfg = Debug|x64
		{95700C3F-7DFF-4610-96D2-1BED587B7169}.Debug|x64.Build.0 = Debug|x64
		{95700C3F-7DFF-4610-96D2-1BED587B7169}.Debug|x86.ActiveCfg = Debug|Win32
		{95700C3F-7DFF-4610-96D2-1BED587B7169}.Debug|x86.Build.0 = Debug|Win32
		{95700C3F-7DFF-4610-96D2-1BED587B7169}.Release|x64.ActiveCfg = Release|x64
		{95700C3F-7DFF-4610-96D2-1BED587B7169}.Release|x64.Build.0 = Release|x64
		{95700C3F-7DFF-4610-96D2-1BED587B7169}.Release|x86.ActiveCfg = Release|Win32
		{95700C3F-7DFF-4610-96D2-1BED587B7169}.Release|x86.Build.0 = Release|Win32
		{A15B69D5-C412-4352-B2C3-E998ACE7CE56}.Debug|x64.ActiveCfg = Debug|x64
		{A15B69D5-C412-4352-B2C3-E998ACE7CE56}.Debug|x64.Build.0 = Debug|x64
		{A15B69D5-C412-4352-B2C3-E998ACE7CE56}.Debug|x86.ActiveCfg = Debug|Win32
		{A15B69D5-C412-4352-B2C3-E998ACE7CE56}.Debug|x86.Build.0 = Debug|Win32
		{A15B69D5-C412-4352-B2C3-E998ACE7CE56}.Release|x64.ActiveCfg = Release|x64
		{A15B69D5-C412-4352-B2C3-E998ACE7CE56}.Release|x64.Build.0 = Release|x64
		{A15B69D5-C412-4352-B2C3-E998ACE7CE56}.Release|x86.ActiveCfg = Release|Win32
		{A15B69D5-C412-4352-B2C3-E998ACE7CE56}.Release|x86.Build.0 = Release|Win32
		{8C2E2F87-769E-4444-B2A3-6711305155BF}.Debug|x64.ActiveCfg = Debug|x64
		{8C2E2F87-769E-4444-B2A3-6711305155BF}.Debug|x64.Build.0 = Debug|x64
		{8C2E2F87-769E-4444-B2A3-6711305155BF}.Debug|x86.ActiveCfg = Debug|Win32
		{8C2E2F87-769E-4444-B2A3-6711305155BF}.Debug|x86.Build.0 = Debug|Win32
		{8C2E2F87-769E-4444-B2A3-6711305155BF}.Release|x64.ActiveCfg = Release|x64
		{8C2E2F87-769E-4444-B2A3-6711305155BF}.Release|x64.Build.0 = Release|x64
		{8C2E2F87-769E-4444-B2A3-6711305155BF}.Release|x86.ActiveCfg = Release|Win32
		{8C2E2F87-769E-4444-B2A3-6711305155BF}.Release|x86.Build.0 = Release|Win32
		{1B8DE21F-3100-41C7-9557-33A1889E7489}.Debug|x64.ActiveCfg = Debug|x64
		{1B8DE21F-3100-41C7-9557-33A1889E7489}.Debug|x64.Build.0 = Debug|x64
		{1B8DE21F-3100-41C7-9557-33A1889E7489}.Debug|x86.ActiveCfg = Debug|Win32
		{1B8DE21F-3100-41C7-9557-33A1889E7489}.Debug|x86.Build.0 = Debug|Win32
		{1B8DE21F-3100-41C7-9557-33A1889E7489}.Release|x64.ActiveCfg = Release|x64
		{1B8DE21F-3100-41C7-9557-33A1889E7489}.Release|x64.Build.0 = Release|x64
		{1B8DE21F-3100-41C7-9557-33A1889E7489}.Release|x86.ActiveCfg = Release|Win32
		{1B8DE21F-3100-41C7-9557-33A1889E7489}.Release|x86.Build.0 = Release|Win32
		{664B2763-9F58-4139-A5F2-FE092D22F36A}.Debug|x64.ActiveCfg = Debug|x64
		{664B2763-9F58-4139-A5F2-FE092D22F36A}.Debug|x64.Build.0 = Debug|x64
		{664B2763-9F58-4139-A5F2-FE092D22F36A}.Debug|x86.ActiveCfg = Debug|Win32
		{664B2763-9F58-4139-A5F2-FE092D22F36A}.Debug|x86.Build.0 = Debug|Win32
		{664B2763-9F58-4139-A5F2-FE092D22F36A}.Release|x64.ActiveCfg = Release|x64
		{664B2763-9F58-4139-A5F2-FE092D22F36A}.Release|x64.Build.0 = Release|x64
		{664B2763-9F58-4139-A5F2-FE092D22F36A}.Release|x86.ActiveCfg = Release|Win32
		{664B2763-9F58-4139-A5F2-FE092D22F36A}.Release|x86.Build.0 = Release|Win32
		{EBAB2E2D-ED10-4E36-81DC-7BBA13DDB081}.Debug|x64.ActiveCfg = Debug|x64
		{EBAB2E2D-ED10-4E36-81DC-7BBA13DDB081}.Debug|x64.Build.0 = Debug|x64
		{EBAB2E2D-ED10-4E36-81DC-7BBA13DDB081}.Debug|x86.ActiveCfg = Debug|Win32
		{EBAB2E2D-ED10-4E36-81DC-7BBA13DDB081}.Debug|x86.Build.0 = Debug|Win32
		{EBAB2E2D-ED10-4E36-81DC-7BBA13DDB081}.Release|x64.ActiveCfg = Release|x64
		{EBAB2E2D-ED10-4E36-81DC-7BBA13DDB081}.Release|x64.Build.0 = Release|x64
		{EBAB2E2D-ED10-4E36-81DC-7BBA13DDB081}.Release|x86.ActiveCfg = Release|Win32
		{EBAB2E2D-ED10-4E36-81DC-7BBA13DDB081}.Release|x86.Build.0 = Release|Win32
		{73023958-0F33-44D2-8F60-4B24F0C2E418}.Debug|x64.ActiveCfg = Debug|x64
		{73023958-0F33-44D2-8F60-4B24F0C2E418}.Debug|x64.Build.0 = Debug|x64
		{73023958-0F33-44D2-8F60-4B24F0C2E418}.Debug|x86.ActiveCfg = Debug|Win32
		{73023958-0F33-44D2-8F60-4B24F0C2E418}.Debug|x86.Build.0 = Debug|Win32
		{73023958-0F33-44D2-8F60-4B24F0C2E418}.Release|x64.ActiveCfg = Release|x64
		{73023958-0F33-44D2-8F60-4B24F0C2E418}.Release|x64.Build.0 = Release|x64
		{73023958-0F33-44D2-8F60-4B24F0C2E418}.Release|x86.ActiveCfg = Release|Win32
		{73023958-0F33-44D2-8F60-4B24F0C2E418}.Release|x86.Build.0 = Release|Win32
	EndGlobalSection
	GlobalSection(SolutionProperties) = preSolution
		HideSolutionNode = FALSE
	EndGlobalSection
	GlobalSection(ExtensibilityGlobals) = postSolution
		SolutionGuid = {4FA1E4D5-F21D-488C-8DD5-3D0747B27359}
	EndGlobalSection
EndGlobal
